
Microsoft Visual Studio Solution File, Format Version 12.00
# Visual Studio Version 16
VisualStudioVersion = 16.0.31410.357
MinimumVisualStudioVersion = 10.0.40219.1
Project("{FAE04EC0-301F-11D3-BF4B-00C04F79EFBC}") = "CDMSTowerToolGUI", "CDMSTowerToolGUI\CDMSTowerToolGUI.csproj", "{FDF0EADE-E5B4-41D8-B04E-4371D5FFB965}"
EndProject
Global
	GlobalSection(SolutionConfigurationPlatforms) = preSolution
		Debug|Any CPU = Debug|Any CPU
		Release|Any CPU = Release|Any CPU
	EndGlobalSection
	GlobalSection(ProjectConfigurationPlatforms) = postSolution
		{FDF0EADE-E5B4-41D8-B04E-4371D5FFB965}.Debug|Any CPU.ActiveCfg = Debug|Any CPU
		{FDF0EADE-E5B4-41D8-B04E-4371D5FFB965}.Debug|Any CPU.Build.0 = Debug|Any CPU
		{FDF0EADE-E5B4-41D8-B04E-4371D5FFB965}.Release|Any CPU.ActiveCfg = Release|Any CPU
		{FDF0EADE-E5B4-41D8-B04E-4371D5FFB965}.Release|Any CPU.Build.0 = Release|Any CPU
	EndGlobalSection
	GlobalSection(SolutionProperties) = preSolution
		HideSolutionNode = FALSE
	EndGlobalSection
	GlobalSection(ExtensibilityGlobals) = postSolution
		SolutionGuid = {847A3E03-9936-40D2-96B2-52890D0797DB}
	EndGlobalSection
EndGlobal
